
Microsoft Visual Studio Solution File, Format Version 12.00
# Visual Studio 15
VisualStudioVersion = 15.0.28307.438
MinimumVisualStudioVersion = 10.0.40219.1
Project("{8BC9CEB8-8B4A-11D0-8D11-00A0C91BC942}") = "client", "client\client.vcxproj", "{45323EE8-2F32-4368-BD53-890743DEEA93}"
EndProject
Project("{8BC9CEB8-8B4A-11D0-8D11-00A0C91BC942}") = "server", "server\server.vcxproj", "{A56C94BB-4A95-43C6-8BDF-25C913805023}"
EndProject
Global
	GlobalSection(SolutionConfigurationPlatforms) = preSolution
		Debug|x64 = Debug|x64
		Debug|x86 = Debug|x86
		Release|x64 = Release|x64
		Release|x86 = Release|x86
		UnitTest|x64 = UnitTest|x64
		UnitTest|x86 = UnitTest|x86
	EndGlobalSection
	GlobalSection(ProjectConfigurationPlatforms) = postSolution
		{45323EE8-2F32-4368-BD53-890743DEEA93}.Debug|x64.ActiveCfg = Debug|x64
		{45323EE8-2F32-4368-BD53-890743DEEA93}.Debug|x64.Build.0 = Debug|x64
		{45323EE8-2F32-4368-BD53-890743DEEA93}.Debug|x86.ActiveCfg = Debug|Win32
		{45323EE8-2F32-4368-BD53-890743DEEA93}.Debug|x86.Build.0 = Debug|Win32
		{45323EE8-2F32-4368-BD53-890743DEEA93}.Release|x64.ActiveCfg = Release|x64
		{45323EE8-2F32-4368-BD53-890743DEEA93}.Release|x64.Build.0 = Release|x64
		{45323EE8-2F32-4368-BD53-890743DEEA93}.Release|x86.ActiveCfg = Release|Win32
		{45323EE8-2F32-4368-BD53-890743DEEA93}.Release|x86.Build.0 = Release|Win32
		{45323EE8-2F32-4368-BD53-890743DEEA93}.UnitTest|x64.ActiveCfg = UnitTest|x64
		{45323EE8-2F32-4368-BD53-890743DEEA93}.UnitTest|x64.Build.0 = UnitTest|x64
		{45323EE8-2F32-4368-BD53-890743DEEA93}.UnitTest|x86.ActiveCfg = UnitTest|Win32
		{45323EE8-2F32-4368-BD53-890743DEEA93}.UnitTest|x86.Build.0 = UnitTest|Win32
		{A56C94BB-4A95-43C6-8BDF-25C913805023}.Debug|x64.ActiveCfg = Debug|x64
		{A56C94BB-4A95-43C6-8BDF-25C913805023}.Debug|x64.Build.0 = Debug|x64
		{A56C94BB-4A95-43C6-8BDF-25C913805023}.Debug|x86.ActiveCfg = Debug|Win32
		{A56C94BB-4A95-43C6-8BDF-25C913805023}.Debug|x86.Build.0 = Debug|Win32
		{A56C94BB-4A95-43C6-8BDF-25C913805023}.Release|x64.ActiveCfg = Release|x64
		{A56C94BB-4A95-43C6-8BDF-25C913805023}.Release|x64.Build.0 = Release|x64
		{A56C94BB-4A95-43C6-8BDF-25C913805023}.Release|x86.ActiveCfg = Release|Win32
		{A56C94BB-4A95-43C6-8BDF-25C913805023}.Release|x86.Build.0 = Release|Win32
		{A56C94BB-4A95-43C6-8BDF-25C913805023}.UnitTest|x64.ActiveCfg = UnitTest|x64
		{A56C94BB-4A95-43C6-8BDF-25C913805023}.UnitTest|x64.Build.0 = UnitTest|x64
		{A56C94BB-4A95-43C6-8BDF-25C913805023}.UnitTest|x86.ActiveCfg = UnitTest|Win32
		{A56C94BB-4A95-43C6-8BDF-25C913805023}.UnitTest|x86.Build.0 = UnitTest|Win32
	EndGlobalSection
	GlobalSection(SolutionProperties) = preSolution
		HideSolutionNode = FALSE
	EndGlobalSection
	GlobalSection(ExtensibilityGlobals) = postSolution
		SolutionGuid = {3B888033-3E83-424B-A882-EAFC24D28328}
	EndGlobalSection
EndGlobal
